// !$*UTF8*$!
{
	archiveVersion = 1;
	classes = {
	};
	objectVersion = 50;
	objects = {

/* Begin PBXBuildFile section */
		CB4148E1221E7FB900069002 /* GenerateBarcode.swift in Sources */ = {isa = PBXBuildFile; fileRef = CB2CA382221D462B00D7841C /* GenerateBarcode.swift */; };
		CBD46C592217F2A600F021B8 /* AppDelegate.swift in Sources */ = {isa = PBXBuildFile; fileRef = CBD46C582217F2A600F021B8 /* AppDelegate.swift */; };
		CBD46C5B2217F2A600F021B8 /* ViewController.swift in Sources */ = {isa = PBXBuildFile; fileRef = CBD46C5A2217F2A600F021B8 /* ViewController.swift */; };
		CBD46C5E2217F2A600F021B8 /* Main.storyboard in Resources */ = {isa = PBXBuildFile; fileRef = CBD46C5C2217F2A600F021B8 /* Main.storyboard */; };
		CBD46C602217F2A900F021B8 /* Assets.xcassets in Resources */ = {isa = PBXBuildFile; fileRef = CBD46C5F2217F2A900F021B8 /* Assets.xcassets */; };
		CBD46C632217F2A900F021B8 /* LaunchScreen.storyboard in Resources */ = {isa = PBXBuildFile; fileRef = CBD46C612217F2A900F021B8 /* LaunchScreen.storyboard */; };
		CBD46C682217F2A900F021B8 /* ParkRun WatchKit App.app in Embed Watch Content */ = {isa = PBXBuildFile; fileRef = CBD46C672217F2A900F021B8 /* ParkRun WatchKit App.app */; };
		CBD46C6E2217F2A900F021B8 /* Interface.storyboard in Resources */ = {isa = PBXBuildFile; fileRef = CBD46C6C2217F2A900F021B8 /* Interface.storyboard */; };
		CBD46C702217F2AA00F021B8 /* Assets.xcassets in Resources */ = {isa = PBXBuildFile; fileRef = CBD46C6F2217F2AA00F021B8 /* Assets.xcassets */; };
		CBD46C772217F2AA00F021B8 /* ParkRun WatchKit Extension.appex in Embed App Extensions */ = {isa = PBXBuildFile; fileRef = CBD46C762217F2AA00F021B8 /* ParkRun WatchKit Extension.appex */; settings = {ATTRIBUTES = (RemoveHeadersOnCopy, ); }; };
		CBD46C7C2217F2AA00F021B8 /* InterfaceController.swift in Sources */ = {isa = PBXBuildFile; fileRef = CBD46C7B2217F2AA00F021B8 /* InterfaceController.swift */; };
		CBD46C7E2217F2AA00F021B8 /* ExtensionDelegate.swift in Sources */ = {isa = PBXBuildFile; fileRef = CBD46C7D2217F2AA00F021B8 /* ExtensionDelegate.swift */; };
		CBD46C802217F2AA00F021B8 /* NotificationController.swift in Sources */ = {isa = PBXBuildFile; fileRef = CBD46C7F2217F2AA00F021B8 /* NotificationController.swift */; };
		CBD46C822217F2AB00F021B8 /* Assets.xcassets in Resources */ = {isa = PBXBuildFile; fileRef = CBD46C812217F2AB00F021B8 /* Assets.xcassets */; };
/* End PBXBuildFile section */

/* Begin PBXContainerItemProxy section */
		CBD46C692217F2A900F021B8 /* PBXContainerItemProxy */ = {
			isa = PBXContainerItemProxy;
			containerPortal = CBD46C4D2217F2A600F021B8 /* Project object */;
			proxyType = 1;
			remoteGlobalIDString = CBD46C662217F2A900F021B8;
			remoteInfo = "ParkRun WatchKit App";
		};
		CBD46C782217F2AA00F021B8 /* PBXContainerItemProxy */ = {
			isa = PBXContainerItemProxy;
			containerPortal = CBD46C4D2217F2A600F021B8 /* Project object */;
			proxyType = 1;
			remoteGlobalIDString = CBD46C752217F2AA00F021B8;
			remoteInfo = "ParkRun WatchKit Extension";
		};
/* End PBXContainerItemProxy section */

/* Begin PBXCopyFilesBuildPhase section */
		CBD46C8A2217F2AB00F021B8 /* Embed App Extensions */ = {
			isa = PBXCopyFilesBuildPhase;
			buildActionMask = 2147483647;
			dstPath = "";
			dstSubfolderSpec = 13;
			files = (
				CBD46C772217F2AA00F021B8 /* ParkRun WatchKit Extension.appex in Embed App Extensions */,
			);
			name = "Embed App Extensions";
			runOnlyForDeploymentPostprocessing = 0;
		};
		CBD46C8E2217F2AB00F021B8 /* Embed Watch Content */ = {
			isa = PBXCopyFilesBuildPhase;
			buildActionMask = 2147483647;
			dstPath = "$(CONTENTS_FOLDER_PATH)/Watch";
			dstSubfolderSpec = 16;
			files = (
				CBD46C682217F2A900F021B8 /* ParkRun WatchKit App.app in Embed Watch Content */,
			);
			name = "Embed Watch Content";
			runOnlyForDeploymentPostprocessing = 0;
		};
/* End PBXCopyFilesBuildPhase section */

/* Begin PBXFileReference section */
		CB2CA381221BEDC000D7841C /* MyPlayground.playground */ = {isa = PBXFileReference; lastKnownFileType = file.playground; path = MyPlayground.playground; sourceTree = "<group>"; xcLanguageSpecificationIdentifier = xcode.lang.swift; };
		CB2CA382221D462B00D7841C /* GenerateBarcode.swift */ = {isa = PBXFileReference; lastKnownFileType = sourcecode.swift; path = GenerateBarcode.swift; sourceTree = "<group>"; };
		CBD46C552217F2A600F021B8 /* ParkRun.app */ = {isa = PBXFileReference; explicitFileType = wrapper.application; includeInIndex = 0; path = ParkRun.app; sourceTree = BUILT_PRODUCTS_DIR; };
		CBD46C582217F2A600F021B8 /* AppDelegate.swift */ = {isa = PBXFileReference; lastKnownFileType = sourcecode.swift; path = AppDelegate.swift; sourceTree = "<group>"; };
		CBD46C5A2217F2A600F021B8 /* ViewController.swift */ = {isa = PBXFileReference; lastKnownFileType = sourcecode.swift; path = ViewController.swift; sourceTree = "<group>"; };
		CBD46C5D2217F2A600F021B8 /* Base */ = {isa = PBXFileReference; lastKnownFileType = file.storyboard; name = Base; path = Base.lproj/Main.storyboard; sourceTree = "<group>"; };
		CBD46C5F2217F2A900F021B8 /* Assets.xcassets */ = {isa = PBXFileReference; lastKnownFileType = folder.assetcatalog; path = Assets.xcassets; sourceTree = "<group>"; };
		CBD46C622217F2A900F021B8 /* Base */ = {isa = PBXFileReference; lastKnownFileType = file.storyboard; name = Base; path = Base.lproj/LaunchScreen.storyboard; sourceTree = "<group>"; };
		CBD46C642217F2A900F021B8 /* Info.plist */ = {isa = PBXFileReference; lastKnownFileType = text.plist.xml; path = Info.plist; sourceTree = "<group>"; };
		CBD46C672217F2A900F021B8 /* ParkRun WatchKit App.app */ = {isa = PBXFileReference; explicitFileType = wrapper.application; includeInIndex = 0; path = "ParkRun WatchKit App.app"; sourceTree = BUILT_PRODUCTS_DIR; };
		CBD46C6D2217F2A900F021B8 /* Base */ = {isa = PBXFileReference; lastKnownFileType = file.storyboard; name = Base; path = Base.lproj/Interface.storyboard; sourceTree = "<group>"; };
		CBD46C6F2217F2AA00F021B8 /* Assets.xcassets */ = {isa = PBXFileReference; lastKnownFileType = folder.assetcatalog; path = Assets.xcassets; sourceTree = "<group>"; };
		CBD46C712217F2AA00F021B8 /* Info.plist */ = {isa = PBXFileReference; lastKnownFileType = text.plist.xml; path = Info.plist; sourceTree = "<group>"; };
		CBD46C762217F2AA00F021B8 /* ParkRun WatchKit Extension.appex */ = {isa = PBXFileReference; explicitFileType = "wrapper.app-extension"; includeInIndex = 0; path = "ParkRun WatchKit Extension.appex"; sourceTree = BUILT_PRODUCTS_DIR; };
		CBD46C7B2217F2AA00F021B8 /* InterfaceController.swift */ = {isa = PBXFileReference; lastKnownFileType = sourcecode.swift; path = InterfaceController.swift; sourceTree = "<group>"; };
		CBD46C7D2217F2AA00F021B8 /* ExtensionDelegate.swift */ = {isa = PBXFileReference; lastKnownFileType = sourcecode.swift; path = ExtensionDelegate.swift; sourceTree = "<group>"; };
		CBD46C7F2217F2AA00F021B8 /* NotificationController.swift */ = {isa = PBXFileReference; lastKnownFileType = sourcecode.swift; path = NotificationController.swift; sourceTree = "<group>"; };
		CBD46C812217F2AB00F021B8 /* Assets.xcassets */ = {isa = PBXFileReference; lastKnownFileType = folder.assetcatalog; path = Assets.xcassets; sourceTree = "<group>"; };
		CBD46C832217F2AB00F021B8 /* Info.plist */ = {isa = PBXFileReference; lastKnownFileType = text.plist.xml; path = Info.plist; sourceTree = "<group>"; };
		CBD46C842217F2AB00F021B8 /* PushNotificationPayload.apns */ = {isa = PBXFileReference; lastKnownFileType = text; path = PushNotificationPayload.apns; sourceTree = "<group>"; };
/* End PBXFileReference section */

/* Begin PBXFrameworksBuildPhase section */
		CBD46C522217F2A600F021B8 /* Frameworks */ = {
			isa = PBXFrameworksBuildPhase;
			buildActionMask = 2147483647;
			files = (
			);
			runOnlyForDeploymentPostprocessing = 0;
		};
		CBD46C732217F2AA00F021B8 /* Frameworks */ = {
			isa = PBXFrameworksBuildPhase;
			buildActionMask = 2147483647;
			files = (
			);
			runOnlyForDeploymentPostprocessing = 0;
		};
/* End PBXFrameworksBuildPhase section */

/* Begin PBXGroup section */
		CBD46C4C2217F2A600F021B8 = {
			isa = PBXGroup;
			children = (
				CB2CA381221BEDC000D7841C /* MyPlayground.playground */,
				CBD46C572217F2A600F021B8 /* ParkRun */,
				CBD46C6B2217F2A900F021B8 /* ParkRun WatchKit App */,
				CBD46C7A2217F2AA00F021B8 /* ParkRun WatchKit Extension */,
				CBD46C562217F2A600F021B8 /* Products */,
			);
			sourceTree = "<group>";
		};
		CBD46C562217F2A600F021B8 /* Products */ = {
			isa = PBXGroup;
			children = (
				CBD46C552217F2A600F021B8 /* ParkRun.app */,
				CBD46C672217F2A900F021B8 /* ParkRun WatchKit App.app */,
				CBD46C762217F2AA00F021B8 /* ParkRun WatchKit Extension.appex */,
			);
			name = Products;
			sourceTree = "<group>";
		};
		CBD46C572217F2A600F021B8 /* ParkRun */ = {
			isa = PBXGroup;
			children = (
				CBD46C582217F2A600F021B8 /* AppDelegate.swift */,
				CBD46C5A2217F2A600F021B8 /* ViewController.swift */,
				CBD46C5C2217F2A600F021B8 /* Main.storyboard */,
				CBD46C5F2217F2A900F021B8 /* Assets.xcassets */,
				CBD46C612217F2A900F021B8 /* LaunchScreen.storyboard */,
				CBD46C642217F2A900F021B8 /* Info.plist */,
			);
			path = ParkRun;
			sourceTree = "<group>";
		};
		CBD46C6B2217F2A900F021B8 /* ParkRun WatchKit App */ = {
			isa = PBXGroup;
			children = (
				CBD46C6C2217F2A900F021B8 /* Interface.storyboard */,
				CBD46C6F2217F2AA00F021B8 /* Assets.xcassets */,
				CBD46C712217F2AA00F021B8 /* Info.plist */,
			);
			path = "ParkRun WatchKit App";
			sourceTree = "<group>";
		};
		CBD46C7A2217F2AA00F021B8 /* ParkRun WatchKit Extension */ = {
			isa = PBXGroup;
			children = (
				CB2CA382221D462B00D7841C /* GenerateBarcode.swift */,
				CBD46C7B2217F2AA00F021B8 /* InterfaceController.swift */,
				CBD46C7D2217F2AA00F021B8 /* ExtensionDelegate.swift */,
				CBD46C7F2217F2AA00F021B8 /* NotificationController.swift */,
				CBD46C812217F2AB00F021B8 /* Assets.xcassets */,
				CBD46C832217F2AB00F021B8 /* Info.plist */,
				CBD46C842217F2AB00F021B8 /* PushNotificationPayload.apns */,
			);
			path = "ParkRun WatchKit Extension";
			sourceTree = "<group>";
		};
/* End PBXGroup section */

/* Begin PBXNativeTarget section */
		CBD46C542217F2A600F021B8 /* ParkRun */ = {
			isa = PBXNativeTarget;
			buildConfigurationList = CBD46C8F2217F2AB00F021B8 /* Build configuration list for PBXNativeTarget "ParkRun" */;
			buildPhases = (
				CBD46C512217F2A600F021B8 /* Sources */,
				CBD46C522217F2A600F021B8 /* Frameworks */,
				CBD46C532217F2A600F021B8 /* Resources */,
				CBD46C8E2217F2AB00F021B8 /* Embed Watch Content */,
			);
			buildRules = (
			);
			dependencies = (
				CBD46C6A2217F2A900F021B8 /* PBXTargetDependency */,
			);
			name = ParkRun;
			productName = ParkRun;
			productReference = CBD46C552217F2A600F021B8 /* ParkRun.app */;
			productType = "com.apple.product-type.application";
		};
		CBD46C662217F2A900F021B8 /* ParkRun WatchKit App */ = {
			isa = PBXNativeTarget;
			buildConfigurationList = CBD46C8B2217F2AB00F021B8 /* Build configuration list for PBXNativeTarget "ParkRun WatchKit App" */;
			buildPhases = (
				CBD46C652217F2A900F021B8 /* Resources */,
				CBD46C8A2217F2AB00F021B8 /* Embed App Extensions */,
			);
			buildRules = (
			);
			dependencies = (
				CBD46C792217F2AA00F021B8 /* PBXTargetDependency */,
			);
			name = "ParkRun WatchKit App";
			productName = "ParkRun WatchKit App";
			productReference = CBD46C672217F2A900F021B8 /* ParkRun WatchKit App.app */;
			productType = "com.apple.product-type.application.watchapp2";
		};
		CBD46C752217F2AA00F021B8 /* ParkRun WatchKit Extension */ = {
			isa = PBXNativeTarget;
			buildConfigurationList = CBD46C872217F2AB00F021B8 /* Build configuration list for PBXNativeTarget "ParkRun WatchKit Extension" */;
			buildPhases = (
				CBD46C722217F2AA00F021B8 /* Sources */,
				CBD46C732217F2AA00F021B8 /* Frameworks */,
				CBD46C742217F2AA00F021B8 /* Resources */,
			);
			buildRules = (
			);
			dependencies = (
			);
			name = "ParkRun WatchKit Extension";
			productName = "ParkRun WatchKit Extension";
			productReference = CBD46C762217F2AA00F021B8 /* ParkRun WatchKit Extension.appex */;
			productType = "com.apple.product-type.watchkit2-extension";
		};
/* End PBXNativeTarget section */

/* Begin PBXProject section */
		CBD46C4D2217F2A600F021B8 /* Project object */ = {
			isa = PBXProject;
			attributes = {
				LastSwiftUpdateCheck = 1010;
				LastUpgradeCheck = 1010;
				ORGANIZATIONNAME = Schacher;
				TargetAttributes = {
					CBD46C542217F2A600F021B8 = {
						CreatedOnToolsVersion = 10.1;
					};
					CBD46C662217F2A900F021B8 = {
						CreatedOnToolsVersion = 10.1;
					};
					CBD46C752217F2AA00F021B8 = {
						CreatedOnToolsVersion = 10.1;
					};
				};
			};
			buildConfigurationList = CBD46C502217F2A600F021B8 /* Build configuration list for PBXProject "ParkRun" */;
			compatibilityVersion = "Xcode 9.3";
			developmentRegion = en;
			hasScannedForEncodings = 0;
			knownRegions = (
				en,
				Base,
			);
			mainGroup = CBD46C4C2217F2A600F021B8;
			productRefGroup = CBD46C562217F2A600F021B8 /* Products */;
			projectDirPath = "";
			projectRoot = "";
			targets = (
				CBD46C542217F2A600F021B8 /* ParkRun */,
				CBD46C662217F2A900F021B8 /* ParkRun WatchKit App */,
				CBD46C752217F2AA00F021B8 /* ParkRun WatchKit Extension */,
			);
		};
/* End PBXProject section */

/* Begin PBXResourcesBuildPhase section */
		CBD46C532217F2A600F021B8 /* Resources */ = {
			isa = PBXResourcesBuildPhase;
			buildActionMask = 2147483647;
			files = (
				CBD46C632217F2A900F021B8 /* LaunchScreen.storyboard in Resources */,
				CBD46C602217F2A900F021B8 /* Assets.xcassets in Resources */,
				CBD46C5E2217F2A600F021B8 /* Main.storyboard in Resources */,
			);
			runOnlyForDeploymentPostprocessing = 0;
		};
		CBD46C652217F2A900F021B8 /* Resources */ = {
			isa = PBXResourcesBuildPhase;
			buildActionMask = 2147483647;
			files = (
				CBD46C702217F2AA00F021B8 /* Assets.xcassets in Resources */,
				CBD46C6E2217F2A900F021B8 /* Interface.storyboard in Resources */,
			);
			runOnlyForDeploymentPostprocessing = 0;
		};
		CBD46C742217F2AA00F021B8 /* Resources */ = {
			isa = PBXResourcesBuildPhase;
			buildActionMask = 2147483647;
			files = (
				CBD46C822217F2AB00F021B8 /* Assets.xcassets in Resources */,
			);
			runOnlyForDeploymentPostprocessing = 0;
		};
/* End PBXResourcesBuildPhase section */

/* Begin PBXSourcesBuildPhase section */
		CBD46C512217F2A600F021B8 /* Sources */ = {
			isa = PBXSourcesBuildPhase;
			buildActionMask = 2147483647;
			files = (
				CBD46C5B2217F2A600F021B8 /* ViewController.swift in Sources */,
				CBD46C592217F2A600F021B8 /* AppDelegate.swift in Sources */,
			);
			runOnlyForDeploymentPostprocessing = 0;
		};
		CBD46C722217F2AA00F021B8 /* Sources */ = {
			isa = PBXSourcesBuildPhase;
			buildActionMask = 2147483647;
			files = (
				CBD46C802217F2AA00F021B8 /* NotificationController.swift in Sources */,
				CBD46C7E2217F2AA00F021B8 /* ExtensionDelegate.swift in Sources */,
				CBD46C7C2217F2AA00F021B8 /* InterfaceController.swift in Sources */,
				CB4148E1221E7FB900069002 /* GenerateBarcode.swift in Sources */,
			);
			runOnlyForDeploymentPostprocessing = 0;
		};
/* End PBXSourcesBuildPhase section */

/* Begin PBXTargetDependency section */
		CBD46C6A2217F2A900F021B8 /* PBXTargetDependency */ = {
			isa = PBXTargetDependency;
			target = CBD46C662217F2A900F021B8 /* ParkRun WatchKit App */;
			targetProxy = CBD46C692217F2A900F021B8 /* PBXContainerItemProxy */;
		};
		CBD46C792217F2AA00F021B8 /* PBXTargetDependency */ = {
			isa = PBXTargetDependency;
			target = CBD46C752217F2AA00F021B8 /* ParkRun WatchKit Extension */;
			targetProxy = CBD46C782217F2AA00F021B8 /* PBXContainerItemProxy */;
		};
/* End PBXTargetDependency section */

/* Begin PBXVariantGroup section */
		CBD46C5C2217F2A600F021B8 /* Main.storyboard */ = {
			isa = PBXVariantGroup;
			children = (
				CBD46C5D2217F2A600F021B8 /* Base */,
			);
			name = Main.storyboard;
			sourceTree = "<group>";
		};
		CBD46C612217F2A900F021B8 /* LaunchScreen.storyboard */ = {
			isa = PBXVariantGroup;
			children = (
				CBD46C622217F2A900F021B8 /* Base */,
			);
			name = LaunchScreen.storyboard;
			sourceTree = "<group>";
		};
		CBD46C6C2217F2A900F021B8 /* Interface.storyboard */ = {
			isa = PBXVariantGroup;
			children = (
				CBD46C6D2217F2A900F021B8 /* Base */,
			);
			name = Interface.storyboard;
			sourceTree = "<group>";
		};
/* End PBXVariantGroup section */

/* Begin XCBuildConfiguration section */
		CBD46C852217F2AB00F021B8 /* Debug */ = {
			isa = XCBuildConfiguration;
			buildSettings = {
				ALWAYS_SEARCH_USER_PATHS = NO;
				CLANG_ANALYZER_NONNULL = YES;
				CLANG_ANALYZER_NUMBER_OBJECT_CONVERSION = YES_AGGRESSIVE;
				CLANG_CXX_LANGUAGE_STANDARD = "gnu++14";
				CLANG_CXX_LIBRARY = "libc++";
				CLANG_ENABLE_MODULES = YES;
				CLANG_ENABLE_OBJC_ARC = YES;
				CLANG_ENABLE_OBJC_WEAK = YES;
				CLANG_WARN_BLOCK_CAPTURE_AUTORELEASING = YES;
				CLANG_WARN_BOOL_CONVERSION = YES;
				CLANG_WARN_COMMA = YES;
				CLANG_WARN_CONSTANT_CONVERSION = YES;
				CLANG_WARN_DEPRECATED_OBJC_IMPLEMENTATIONS = YES;
				CLANG_WARN_DIRECT_OBJC_ISA_USAGE = YES_ERROR;
				CLANG_WARN_DOCUMENTATION_COMMENTS = YES;
				CLANG_WARN_EMPTY_BODY = YES;
				CLANG_WARN_ENUM_CONVERSION = YES;
				CLANG_WARN_INFINITE_RECURSION = YES;
				CLANG_WARN_INT_CONVERSION = YES;
				CLANG_WARN_NON_LITERAL_NULL_CONVERSION = YES;
				CLANG_WARN_OBJC_IMPLICIT_RETAIN_SELF = YES;
				CLANG_WARN_OBJC_LITERAL_CONVERSION = YES;
				CLANG_WARN_OBJC_ROOT_CLASS = YES_ERROR;
				CLANG_WARN_RANGE_LOOP_ANALYSIS = YES;
				CLANG_WARN_STRICT_PROTOTYPES = YES;
				CLANG_WARN_SUSPICIOUS_MOVE = YES;
				CLANG_WARN_UNGUARDED_AVAILABILITY = YES_AGGRESSIVE;
				CLANG_WARN_UNREACHABLE_CODE = YES;
				CLANG_WARN__DUPLICATE_METHOD_MATCH = YES;
				CODE_SIGN_IDENTITY = "iPhone Developer";
				COPY_PHASE_STRIP = NO;
				DEBUG_INFORMATION_FORMAT = dwarf;
				ENABLE_STRICT_OBJC_MSGSEND = YES;
				ENABLE_TESTABILITY = YES;
				GCC_C_LANGUAGE_STANDARD = gnu11;
				GCC_DYNAMIC_NO_PIC = NO;
				GCC_NO_COMMON_BLOCKS = YES;
				GCC_OPTIMIZATION_LEVEL = 0;
				GCC_PREPROCESSOR_DEFINITIONS = (
					"DEBUG=1",
					"$(inherited)",
				);
				GCC_WARN_64_TO_32_BIT_CONVERSION = YES;
				GCC_WARN_ABOUT_RETURN_TYPE = YES_ERROR;
				GCC_WARN_UNDECLARED_SELECTOR = YES;
				GCC_WARN_UNINITIALIZED_AUTOS = YES_AGGRESSIVE;
				GCC_WARN_UNUSED_FUNCTION = YES;
				GCC_WARN_UNUSED_VARIABLE = YES;
				IPHONEOS_DEPLOYMENT_TARGET = 12.1;
				MTL_ENABLE_DEBUG_INFO = INCLUDE_SOURCE;
				MTL_FAST_MATH = YES;
				ONLY_ACTIVE_ARCH = YES;
				SDKROOT = iphoneos;
				SWIFT_ACTIVE_COMPILATION_CONDITIONS = DEBUG;
				SWIFT_OPTIMIZATION_LEVEL = "-Onone";
			};
			name = Debug;
		};
		CBD46C862217F2AB00F021B8 /* Release */ = {
			isa = XCBuildConfiguration;
			buildSettings = {
				ALWAYS_SEARCH_USER_PATHS = NO;
				CLANG_ANALYZER_NONNULL = YES;
				CLANG_ANALYZER_NUMBER_OBJECT_CONVERSION = YES_AGGRESSIVE;
				CLANG_CXX_LANGUAGE_STANDARD = "gnu++14";
				CLANG_CXX_LIBRARY = "libc++";
				CLANG_ENABLE_MODULES = YES;
				CLANG_ENABLE_OBJC_ARC = YES;
				CLANG_ENABLE_OBJC_WEAK = YES;
				CLANG_WARN_BLOCK_CAPTURE_AUTORELEASING = YES;
				CLANG_WARN_BOOL_CONVERSION = YES;
				CLANG_WARN_COMMA = YES;
				CLANG_WARN_CONSTANT_CONVERSION = YES;
				CLANG_WARN_DEPRECATED_OBJC_IMPLEMENTATIONS = YES;
				CLANG_WARN_DIRECT_OBJC_ISA_USAGE = YES_ERROR;
				CLANG_WARN_DOCUMENTATION_COMMENTS = YES;
				CLANG_WARN_EMPTY_BODY = YES;
				CLANG_WARN_ENUM_CONVERSION = YES;
				CLANG_WARN_INFINITE_RECURSION = YES;
				CLANG_WARN_INT_CONVERSION = YES;
				CLANG_WARN_NON_LITERAL_NULL_CONVERSION = YES;
				CLANG_WARN_OBJC_IMPLICIT_RETAIN_SELF = YES;
				CLANG_WARN_OBJC_LITERAL_CONVERSION = YES;
				CLANG_WARN_OBJC_ROOT_CLASS = YES_ERROR;
				CLANG_WARN_RANGE_LOOP_ANALYSIS = YES;
				CLANG_WARN_STRICT_PROTOTYPES = YES;
				CLANG_WARN_SUSPICIOUS_MOVE = YES;
				CLANG_WARN_UNGUARDED_AVAILABILITY = YES_AGGRESSIVE;
				CLANG_WARN_UNREACHABLE_CODE = YES;
				CLANG_WARN__DUPLICATE_METHOD_MATCH = YES;
				CODE_SIGN_IDENTITY = "iPhone Developer";
				COPY_PHASE_STRIP = NO;
				DEBUG_INFORMATION_FORMAT = "dwarf-with-dsym";
				ENABLE_NS_ASSERTIONS = NO;
				ENABLE_STRICT_OBJC_MSGSEND = YES;
				GCC_C_LANGUAGE_STANDARD = gnu11;
				GCC_NO_COMMON_BLOCKS = YES;
				GCC_WARN_64_TO_32_BIT_CONVERSION = YES;
				GCC_WARN_ABOUT_RETURN_TYPE = YES_ERROR;
				GCC_WARN_UNDECLARED_SELECTOR = YES;
				GCC_WARN_UNINITIALIZED_AUTOS = YES_AGGRESSIVE;
				GCC_WARN_UNUSED_FUNCTION = YES;
				GCC_WARN_UNUSED_VARIABLE = YES;
				IPHONEOS_DEPLOYMENT_TARGET = 12.1;
				MTL_ENABLE_DEBUG_INFO = NO;
				MTL_FAST_MATH = YES;
				SDKROOT = iphoneos;
				SWIFT_COMPILATION_MODE = wholemodule;
				SWIFT_OPTIMIZATION_LEVEL = "-O";
				VALIDATE_PRODUCT = YES;
			};
			name = Release;
		};
		CBD46C882217F2AB00F021B8 /* Debug */ = {
			isa = XCBuildConfiguration;
			buildSettings = {
				ASSETCATALOG_COMPILER_COMPLICATION_NAME = Complication;
				CODE_SIGN_STYLE = Automatic;
				DEVELOPMENT_TEAM = 636W7UW3M3;
				INFOPLIST_FILE = "ParkRun WatchKit Extension/Info.plist";
				LD_RUNPATH_SEARCH_PATHS = (
					"$(inherited)",
					"@executable_path/Frameworks",
					"@executable_path/../../Frameworks",
				);
				PRODUCT_BUNDLE_IDENTIFIER = com.schacher.ParkRun.watchkitapp.watchkitextension;
				PRODUCT_NAME = "${TARGET_NAME}";
				SDKROOT = watchos;
				SKIP_INSTALL = YES;
				SWIFT_VERSION = 4.2;
				TARGETED_DEVICE_FAMILY = 4;
				WATCHOS_DEPLOYMENT_TARGET = 5.1;
			};
			name = Debug;
		};
		CBD46C892217F2AB00F021B8 /* Release */ = {
			isa = XCBuildConfiguration;
			buildSettings = {
				ASSETCATALOG_COMPILER_COMPLICATION_NAME = Complication;
				CODE_SIGN_STYLE = Automatic;
				DEVELOPMENT_TEAM = 636W7UW3M3;
				INFOPLIST_FILE = "ParkRun WatchKit Extension/Info.plist";
				LD_RUNPATH_SEARCH_PATHS = (
					"$(inherited)",
					"@executable_path/Frameworks",
					"@executable_path/../../Frameworks",
				);
				PRODUCT_BUNDLE_IDENTIFIER = com.schacher.ParkRun.watchkitapp.watchkitextension;
				PRODUCT_NAME = "${TARGET_NAME}";
				SDKROOT = watchos;
				SKIP_INSTALL = YES;
				SWIFT_VERSION = 4.2;
				TARGETED_DEVICE_FAMILY = 4;
				WATCHOS_DEPLOYMENT_TARGET = 5.1;
			};
			name = Release;
		};
		CBD46C8C2217F2AB00F021B8 /* Debug */ = {
			isa = XCBuildConfiguration;
			buildSettings = {
				ALWAYS_EMBED_SWIFT_STANDARD_LIBRARIES = YES;
				ASSETCATALOG_COMPILER_APPICON_NAME = AppIcon;
				CODE_SIGN_STYLE = Automatic;
				DEVELOPMENT_TEAM = 636W7UW3M3;
				IBSC_MODULE = ParkRun_WatchKit_Extension;
				INFOPLIST_FILE = "ParkRun WatchKit App/Info.plist";
				PRODUCT_BUNDLE_IDENTIFIER = com.schacher.ParkRun.watchkitapp;
				PRODUCT_NAME = "$(TARGET_NAME)";
				SDKROOT = watchos;
				SKIP_INSTALL = YES;
				SWIFT_VERSION = 4.2;
				TARGETED_DEVICE_FAMILY = 4;
				WATCHOS_DEPLOYMENT_TARGET = 5.1;
			};
			name = Debug;
		};
		CBD46C8D2217F2AB00F021B8 /* Release */ = {
			isa = XCBuildConfiguration;
			buildSettings = {
				ALWAYS_EMBED_SWIFT_STANDARD_LIBRARIES = YES;
				ASSETCATALOG_COMPILER_APPICON_NAME = AppIcon;
				CODE_SIGN_STYLE = Automatic;
				DEVELOPMENT_TEAM = 636W7UW3M3;
				IBSC_MODULE = ParkRun_WatchKit_Extension;
				INFOPLIST_FILE = "ParkRun WatchKit App/Info.plist";
				PRODUCT_BUNDLE_IDENTIFIER = com.schacher.ParkRun.watchkitapp;
				PRODUCT_NAME = "$(TARGET_NAME)";
				SDKROOT = watchos;
				SKIP_INSTALL = YES;
				SWIFT_VERSION = 4.2;
				TARGETED_DEVICE_FAMILY = 4;
				WATCHOS_DEPLOYMENT_TARGET = 5.1;
			};
			name = Release;
		};
		CBD46C902217F2AB00F021B8 /* Debug */ = {
			isa = XCBuildConfiguration;
			buildSettings = {
				ASSETCATALOG_COMPILER_APPICON_NAME = AppIcon;
				CODE_SIGN_STYLE = Automatic;
				DEVELOPMENT_TEAM = 636W7UW3M3;
				INFOPLIST_FILE = ParkRun/Info.plist;
				LD_RUNPATH_SEARCH_PATHS = (
					"$(inherited)",
					"@executable_path/Frameworks",
				);
				PRODUCT_BUNDLE_IDENTIFIER = com.schacher.ParkRun;
				PRODUCT_NAME = "$(TARGET_NAME)";
				SWIFT_VERSION = 4.2;
				TARGETED_DEVICE_FAMILY = "1,2";
			};
			name = Debug;
		};
		CBD46C912217F2AB00F021B8 /* Release */ = {
			isa = XCBuildConfiguration;
			buildSettings = {
				ASSETCATALOG_COMPILER_APPICON_NAME = AppIcon;
				CODE_SIGN_STYLE = Automatic;
				DEVELOPMENT_TEAM = 636W7UW3M3;
				INFOPLIST_FILE = ParkRun/Info.plist;
				LD_RUNPATH_SEARCH_PATHS = (
					"$(inherited)",
					"@executable_path/Frameworks",
				);
				PRODUCT_BUNDLE_IDENTIFIER = com.schacher.ParkRun;
				PRODUCT_NAME = "$(TARGET_NAME)";
				SWIFT_VERSION = 4.2;
				TARGETED_DEVICE_FAMILY = "1,2";
			};
			name = Release;
		};
/* End XCBuildConfiguration section */

/* Begin XCConfigurationList section */
		CBD46C502217F2A600F021B8 /* Build configuration list for PBXProject "ParkRun" */ = {
			isa = XCConfigurationList;
			buildConfigurations = (
				CBD46C852217F2AB00F021B8 /* Debug */,
				CBD46C862217F2AB00F021B8 /* Release */,
			);
			defaultConfigurationIsVisible = 0;
			defaultConfigurationName = Release;
		};
		CBD46C872217F2AB00F021B8 /* Build configuration list for PBXNativeTarget "ParkRun WatchKit Extension" */ = {
			isa = XCConfigurationList;
			buildConfigurations = (
				CBD46C882217F2AB00F021B8 /* Debug */,
				CBD46C892217F2AB00F021B8 /* Release */,
			);
			defaultConfigurationIsVisible = 0;
			defaultConfigurationName = Release;
		};
		CBD46C8B2217F2AB00F021B8 /* Build configuration list for PBXNativeTarget "ParkRun WatchKit App" */ = {
			isa = XCConfigurationList;
			buildConfigurations = (
				CBD46C8C2217F2AB00F021B8 /* Debug */,
				CBD46C8D2217F2AB00F021B8 /* Release */,
			);
			defaultConfigurationIsVisible = 0;
			defaultConfigurationName = Release;
		};
		CBD46C8F2217F2AB00F021B8 /* Build configuration list for PBXNativeTarget "ParkRun" */ = {
			isa = XCConfigurationList;
			buildConfigurations = (
				CBD46C902217F2AB00F021B8 /* Debug */,
				CBD46C912217F2AB00F021B8 /* Release */,
			);
			defaultConfigurationIsVisible = 0;
			defaultConfigurationName = Release;
		};
/* End XCConfigurationList section */
	};
	rootObject = CBD46C4D2217F2A600F021B8 /* Project object */;
}
